Microsoft Visual Studio Solution File, Format Version 10.00
# Visual C++ Express 2008
Project("{8BC9CEB8-8B4A-11D0-8D11-00A0C91BC942}") = "eve-server", "VC9\eve-server.vcproj", "{7EBEC2E7-7322-475E-B76C-769397DD23BB}"
	ProjectSection(ProjectDependencies) = postProject
		{4D77F0B5-003E-4833-A62B-C93E0FCC012F} = {4D77F0B5-003E-4833-A62B-C93E0FCC012F}
		{93BD74E6-DB5F-4FE6-B31A-9911BDDEC1C3} = {93BD74E6-DB5F-4FE6-B31A-9911BDDEC1C3}
		{F472E2F2-3CA4-4E09-B4D5-0783A4A4A893} = {F472E2F2-3CA4-4E09-B4D5-0783A4A4A893}
	EndProjectSection
EndProject
Project("{8BC9CEB8-8B4A-11D0-8D11-00A0C91BC942}") = "xmlpktgen", "VC9\xmlpktgen.vcproj", "{22CD0D69-A133-45EB-BFA8-407A61E1822A}"
	ProjectSection(ProjectDependencies) = postProject
		{4D77F0B5-003E-4833-A62B-C93E0FCC012F} = {4D77F0B5-003E-4833-A62B-C93E0FCC012F}
		{F472E2F2-3CA4-4E09-B4D5-0783A4A4A893} = {F472E2F2-3CA4-4E09-B4D5-0783A4A4A893}
	EndProjectSection
EndProject
Project("{8BC9CEB8-8B4A-11D0-8D11-00A0C91BC942}") = "eve-common", "VC9\eve-common.vcproj", "{93BD74E6-DB5F-4FE6-B31A-9911BDDEC1C3}"
	ProjectSection(ProjectDependencies) = postProject
		{22CD0D69-A133-45EB-BFA8-407A61E1822A} = {22CD0D69-A133-45EB-BFA8-407A61E1822A}
	EndProjectSection
EndProject
Project("{8BC9CEB8-8B4A-11D0-8D11-00A0C91BC942}") = "common", "VC9\common.vcproj", "{F472E2F2-3CA4-4E09-B4D5-0783A4A4A893}"
EndProject
Project("{8BC9CEB8-8B4A-11D0-8D11-00A0C91BC942}") = "eve-tool", "VC9\eve-tool.vcproj", "{A8DC0868-C2AA-4C5A-BAE3-F3CB77D4B3A6}"
	ProjectSection(ProjectDependencies) = postProject
		{4D77F0B5-003E-4833-A62B-C93E0FCC012F} = {4D77F0B5-003E-4833-A62B-C93E0FCC012F}
		{93BD74E6-DB5F-4FE6-B31A-9911BDDEC1C3} = {93BD74E6-DB5F-4FE6-B31A-9911BDDEC1C3}
		{F472E2F2-3CA4-4E09-B4D5-0783A4A4A893} = {F472E2F2-3CA4-4E09-B4D5-0783A4A4A893}
	EndProjectSection
EndProject
Project("{8BC9CEB8-8B4A-11D0-8D11-00A0C91BC942}") = "dep", "VC9\dep.vcproj", "{4D77F0B5-003E-4833-A62B-C93E0FCC012F}"
EndProject
Global
	GlobalSection(SolutionConfigurationPlatforms) = preSolution
		Debug|Win32 = Debug|Win32
		Release|Win32 = Release|Win32
	EndGlobalSection
	GlobalSection(ProjectConfigurationPlatforms) = postSolution
		{7EBEC2E7-7322-475E-B76C-769397DD23BB}.Debug|Win32.ActiveCfg = Debug|Win32
		{7EBEC2E7-7322-475E-B76C-769397DD23BB}.Debug|Win32.Build.0 = Debug|Win32
		{7EBEC2E7-7322-475E-B76C-769397DD23BB}.Release|Win32.ActiveCfg = Release|Win32
		{7EBEC2E7-7322-475E-B76C-769397DD23BB}.Release|Win32.Build.0 = Release|Win32
		{22CD0D69-A133-45EB-BFA8-407A61E1822A}.Debug|Win32.ActiveCfg = Debug|Win32
		{22CD0D69-A133-45EB-BFA8-407A61E1822A}.Debug|Win32.Build.0 = Debug|Win32
		{22CD0D69-A133-45EB-BFA8-407A61E1822A}.Release|Win32.ActiveCfg = Release|Win32
		{22CD0D69-A133-45EB-BFA8-407A61E1822A}.Release|Win32.Build.0 = Release|Win32
		{93BD74E6-DB5F-4FE6-B31A-9911BDDEC1C3}.Debug|Win32.ActiveCfg = Debug|Win32
		{93BD74E6-DB5F-4FE6-B31A-9911BDDEC1C3}.Debug|Win32.Build.0 = Debug|Win32
		{93BD74E6-DB5F-4FE6-B31A-9911BDDEC1C3}.Release|Win32.ActiveCfg = Release|Win32
		{93BD74E6-DB5F-4FE6-B31A-9911BDDEC1C3}.Release|Win32.Build.0 = Release|Win32
		{F472E2F2-3CA4-4E09-B4D5-0783A4A4A893}.Debug|Win32.ActiveCfg = Debug|Win32
		{F472E2F2-3CA4-4E09-B4D5-0783A4A4A893}.Debug|Win32.Build.0 = Debug|Win32
		{F472E2F2-3CA4-4E09-B4D5-0783A4A4A893}.Release|Win32.ActiveCfg = Release|Win32
		{F472E2F2-3CA4-4E09-B4D5-0783A4A4A893}.Release|Win32.Build.0 = Release|Win32
		{A8DC0868-C2AA-4C5A-BAE3-F3CB77D4B3A6}.Debug|Win32.ActiveCfg = Debug|Win32
		{A8DC0868-C2AA-4C5A-BAE3-F3CB77D4B3A6}.Debug|Win32.Build.0 = Debug|Win32
		{A8DC0868-C2AA-4C5A-BAE3-F3CB77D4B3A6}.Release|Win32.ActiveCfg = Release|Win32
		{A8DC0868-C2AA-4C5A-BAE3-F3CB77D4B3A6}.Release|Win32.Build.0 = Release|Win32
		{4D77F0B5-003E-4833-A62B-C93E0FCC012F}.Debug|Win32.ActiveCfg = Debug|Win32
		{4D77F0B5-003E-4833-A62B-C93E0FCC012F}.Debug|Win32.Build.0 = Debug|Win32
		{4D77F0B5-003E-4833-A62B-C93E0FCC012F}.Release|Win32.ActiveCfg = Release|Win32
		{4D77F0B5-003E-4833-A62B-C93E0FCC012F}.Release|Win32.Build.0 = Release|Win32
	EndGlobalSection
	GlobalSection(SolutionProperties) = preSolution
		HideSolutionNode = FALSE
	EndGlobalSection
EndGlobal
