
Microsoft Visual Studio Solution File, Format Version 11.00
# Visual Studio 2010
Project("{FAE04EC0-301F-11D3-BF4B-00C04F79EFBC}") = "EVEMon", "EVEMon\EVEMon.csproj", "{A2E5EFE0-614A-4567-95E5-92A4D94169AC}"
	ProjectSection(ProjectDependencies) = postProject
		{696E929A-6A4A-4C6D-A8B2-C4F25F781940} = {696E929A-6A4A-4C6D-A8B2-C4F25F781940}
		{8C4A87A0-780E-4765-ADD0-146091FE26F4} = {8C4A87A0-780E-4765-ADD0-146091FE26F4}
	EndProjectSection
EndProject
Project("{FAE04EC0-301F-11D3-BF4B-00C04F79EFBC}") = "EVEMon.Common", "EVEMon.Common\EVEMon.Common.csproj", "{C0665275-3E0B-4117-81B0-751206ED03CD}"
EndProject
Project("{FAE04EC0-301F-11D3-BF4B-00C04F79EFBC}") = "EVEMon.Sales", "EVEMon.Sales\EVEMon.Sales.csproj", "{097C8821-39BB-446D-87E1-5D24E9115CFB}"
EndProject
Project("{FAE04EC0-301F-11D3-BF4B-00C04F79EFBC}") = "EVEMon.LogitechG15", "EveMon.LogitechG15\EVEMon.LogitechG15.csproj", "{3067BDFB-C02D-4CAF-96AA-4D8F9F986180}"
EndProject
Project("{FAE04EC0-301F-11D3-BF4B-00C04F79EFBC}") = "EVEMon.PieChart", "EVEMon.PieChart\EVEMon.PieChart.csproj", "{696E929A-6A4A-4C6D-A8B2-C4F25F781940}"
EndProject
Project("{FAE04EC0-301F-11D3-BF4B-00C04F79EFBC}") = "Tests.EVEMon", "Tests.EVEMon\Tests.EVEMon.csproj", "{C61CB94F-31DF-48BE-8053-FCE7DC6ECD7F}"
EndProject
Project("{FAE04EC0-301F-11D3-BF4B-00C04F79EFBC}") = "InstallBuilder", "Tools\InstallBuilder\InstallBuilder.csproj", "{5CE8E302-3577-41BC-A35F-C88AC625F7A7}"
	ProjectSection(ProjectDependencies) = postProject
		{A2E5EFE0-614A-4567-95E5-92A4D94169AC} = {A2E5EFE0-614A-4567-95E5-92A4D94169AC}
	EndProjectSection
EndProject
Project("{FAE04EC0-301F-11D3-BF4B-00C04F79EFBC}") = "XmlGenerator", "Tools\XmlGenerator\XmlGenerator.csproj", "{9366D54A-B516-4A1D-987B-B1BCE31D2A72}"
EndProject
Project("{FAE04EC0-301F-11D3-BF4B-00C04F79EFBC}") = "EVEMon.WindowsApi", "EVEMon.WindowsApi\EVEMon.WindowsApi.csproj", "{D942D976-6185-4ECD-A83B-60260100D12E}"
EndProject
Project("{FAE04EC0-301F-11D3-BF4B-00C04F79EFBC}") = "EVEMon.Watchdog", "EVEMon.Watchdog\EVEMon.Watchdog.csproj", "{8C4A87A0-780E-4765-ADD0-146091FE26F4}"
EndProject
Project("{FAE04EC0-301F-11D3-BF4B-00C04F79EFBC}") = "PatchXmlCreator", "Tools\PatchXMLCreator\PatchXmlCreator.csproj", "{E6907BAD-CDF4-4B3C-AF2E-E854D2E2D959}"
EndProject
Global
	GlobalSection(SolutionConfigurationPlatforms) = preSolution
		Debug|Any CPU = Debug|Any CPU
		Debug|Mixed Platforms = Debug|Mixed Platforms
		Debug|Win32 = Debug|Win32
		Debug|x86 = Debug|x86
		Release|Any CPU = Release|Any CPU
		Release|Mixed Platforms = Release|Mixed Platforms
		Release|Win32 = Release|Win32
		Release|x86 = Release|x86
	EndGlobalSection
	GlobalSection(ProjectConfigurationPlatforms) = postSolution
		{A2E5EFE0-614A-4567-95E5-92A4D94169AC}.Debug|Any CPU.ActiveCfg = Debug|x86
		{A2E5EFE0-614A-4567-95E5-92A4D94169AC}.Debug|Any CPU.Build.0 = Debug|x86
		{A2E5EFE0-614A-4567-95E5-92A4D94169AC}.Debug|Mixed Platforms.ActiveCfg = Debug|x86
		{A2E5EFE0-614A-4567-95E5-92A4D94169AC}.Debug|Mixed Platforms.Build.0 = Debug|x86
		{A2E5EFE0-614A-4567-95E5-92A4D94169AC}.Debug|Win32.ActiveCfg = Debug|x86
		{A2E5EFE0-614A-4567-95E5-92A4D94169AC}.Debug|x86.ActiveCfg = Debug|x86
		{A2E5EFE0-614A-4567-95E5-92A4D94169AC}.Debug|x86.Build.0 = Debug|x86
		{A2E5EFE0-614A-4567-95E5-92A4D94169AC}.Release|Any CPU.ActiveCfg = Release|x86
		{A2E5EFE0-614A-4567-95E5-92A4D94169AC}.Release|Any CPU.Build.0 = Release|x86
		{A2E5EFE0-614A-4567-95E5-92A4D94169AC}.Release|Mixed Platforms.ActiveCfg = Release|x86
		{A2E5EFE0-614A-4567-95E5-92A4D94169AC}.Release|Mixed Platforms.Build.0 = Release|x86
		{A2E5EFE0-614A-4567-95E5-92A4D94169AC}.Release|Win32.ActiveCfg = Release|x86
		{A2E5EFE0-614A-4567-95E5-92A4D94169AC}.Release|x86.ActiveCfg = Release|x86
		{A2E5EFE0-614A-4567-95E5-92A4D94169AC}.Release|x86.Build.0 = Release|x86
		{C0665275-3E0B-4117-81B0-751206ED03CD}.Debug|Any CPU.ActiveCfg = Debug|x86
		{C0665275-3E0B-4117-81B0-751206ED03CD}.Debug|Any CPU.Build.0 = Debug|x86
		{C0665275-3E0B-4117-81B0-751206ED03CD}.Debug|Mixed Platforms.ActiveCfg = Debug|x86
		{C0665275-3E0B-4117-81B0-751206ED03CD}.Debug|Mixed Platforms.Build.0 = Debug|x86
		{C0665275-3E0B-4117-81B0-751206ED03CD}.Debug|Win32.ActiveCfg = Debug|x86
		{C0665275-3E0B-4117-81B0-751206ED03CD}.Debug|x86.ActiveCfg = Debug|x86
		{C0665275-3E0B-4117-81B0-751206ED03CD}.Debug|x86.Build.0 = Debug|x86
		{C0665275-3E0B-4117-81B0-751206ED03CD}.Release|Any CPU.ActiveCfg = Release|x86
		{C0665275-3E0B-4117-81B0-751206ED03CD}.Release|Any CPU.Build.0 = Release|x86
		{C0665275-3E0B-4117-81B0-751206ED03CD}.Release|Mixed Platforms.ActiveCfg = Release|x86
		{C0665275-3E0B-4117-81B0-751206ED03CD}.Release|Mixed Platforms.Build.0 = Release|x86
		{C0665275-3E0B-4117-81B0-751206ED03CD}.Release|Win32.ActiveCfg = Release|x86
		{C0665275-3E0B-4117-81B0-751206ED03CD}.Release|x86.ActiveCfg = Release|x86
		{C0665275-3E0B-4117-81B0-751206ED03CD}.Release|x86.Build.0 = Release|x86
		{097C8821-39BB-446D-87E1-5D24E9115CFB}.Debug|Any CPU.ActiveCfg = Debug|x86
		{097C8821-39BB-446D-87E1-5D24E9115CFB}.Debug|Any CPU.Build.0 = Debug|x86
		{097C8821-39BB-446D-87E1-5D24E9115CFB}.Debug|Mixed Platforms.ActiveCfg = Debug|x86
		{097C8821-39BB-446D-87E1-5D24E9115CFB}.Debug|Mixed Platforms.Build.0 = Debug|x86
		{097C8821-39BB-446D-87E1-5D24E9115CFB}.Debug|Win32.ActiveCfg = Debug|x86
		{097C8821-39BB-446D-87E1-5D24E9115CFB}.Debug|x86.ActiveCfg = Debug|x86
		{097C8821-39BB-446D-87E1-5D24E9115CFB}.Debug|x86.Build.0 = Debug|x86
		{097C8821-39BB-446D-87E1-5D24E9115CFB}.Release|Any CPU.ActiveCfg = Release|x86
		{097C8821-39BB-446D-87E1-5D24E9115CFB}.Release|Any CPU.Build.0 = Release|x86
		{097C8821-39BB-446D-87E1-5D24E9115CFB}.Release|Mixed Platforms.ActiveCfg = Release|x86
		{097C8821-39BB-446D-87E1-5D24E9115CFB}.Release|Mixed Platforms.Build.0 = Release|x86
		{097C8821-39BB-446D-87E1-5D24E9115CFB}.Release|Win32.ActiveCfg = Release|x86
		{097C8821-39BB-446D-87E1-5D24E9115CFB}.Release|x86.ActiveCfg = Release|x86
		{097C8821-39BB-446D-87E1-5D24E9115CFB}.Release|x86.Build.0 = Release|x86
		{3067BDFB-C02D-4CAF-96AA-4D8F9F986180}.Debug|Any CPU.ActiveCfg = Debug|x86
		{3067BDFB-C02D-4CAF-96AA-4D8F9F986180}.Debug|Any CPU.Build.0 = Debug|x86
		{3067BDFB-C02D-4CAF-96AA-4D8F9F986180}.Debug|Mixed Platforms.ActiveCfg = Debug|x86
		{3067BDFB-C02D-4CAF-96AA-4D8F9F986180}.Debug|Mixed Platforms.Build.0 = Debug|x86
		{3067BDFB-C02D-4CAF-96AA-4D8F9F986180}.Debug|Win32.ActiveCfg = Debug|x86
		{3067BDFB-C02D-4CAF-96AA-4D8F9F986180}.Debug|x86.ActiveCfg = Debug|x86
		{3067BDFB-C02D-4CAF-96AA-4D8F9F986180}.Debug|x86.Build.0 = Debug|x86
		{3067BDFB-C02D-4CAF-96AA-4D8F9F986180}.Release|Any CPU.ActiveCfg = Release|x86
		{3067BDFB-C02D-4CAF-96AA-4D8F9F986180}.Release|Any CPU.Build.0 = Release|x86
		{3067BDFB-C02D-4CAF-96AA-4D8F9F986180}.Release|Mixed Platforms.ActiveCfg = Release|x86
		{3067BDFB-C02D-4CAF-96AA-4D8F9F986180}.Release|Mixed Platforms.Build.0 = Release|x86
		{3067BDFB-C02D-4CAF-96AA-4D8F9F986180}.Release|Win32.ActiveCfg = Release|x86
		{3067BDFB-C02D-4CAF-96AA-4D8F9F986180}.Release|x86.ActiveCfg = Release|x86
		{3067BDFB-C02D-4CAF-96AA-4D8F9F986180}.Release|x86.Build.0 = Release|x86
		{696E929A-6A4A-4C6D-A8B2-C4F25F781940}.Debug|Any CPU.ActiveCfg = Debug|x86
		{696E929A-6A4A-4C6D-A8B2-C4F25F781940}.Debug|Any CPU.Build.0 = Debug|x86
		{696E929A-6A4A-4C6D-A8B2-C4F25F781940}.Debug|Mixed Platforms.ActiveCfg = Debug|x86
		{696E929A-6A4A-4C6D-A8B2-C4F25F781940}.Debug|Mixed Platforms.Build.0 = Debug|x86
		{696E929A-6A4A-4C6D-A8B2-C4F25F781940}.Debug|Win32.ActiveCfg = Debug|x86
		{696E929A-6A4A-4C6D-A8B2-C4F25F781940}.Debug|x86.ActiveCfg = Debug|x86
		{696E929A-6A4A-4C6D-A8B2-C4F25F781940}.Debug|x86.Build.0 = Debug|x86
		{696E929A-6A4A-4C6D-A8B2-C4F25F781940}.Release|Any CPU.ActiveCfg = Release|x86
		{696E929A-6A4A-4C6D-A8B2-C4F25F781940}.Release|Any CPU.Build.0 = Release|x86
		{696E929A-6A4A-4C6D-A8B2-C4F25F781940}.Release|Mixed Platforms.ActiveCfg = Release|x86
		{696E929A-6A4A-4C6D-A8B2-C4F25F781940}.Release|Mixed Platforms.Build.0 = Release|x86
		{696E929A-6A4A-4C6D-A8B2-C4F25F781940}.Release|Win32.ActiveCfg = Release|x86
		{696E929A-6A4A-4C6D-A8B2-C4F25F781940}.Release|x86.ActiveCfg = Release|x86
		{696E929A-6A4A-4C6D-A8B2-C4F25F781940}.Release|x86.Build.0 = Release|x86
		{C61CB94F-31DF-48BE-8053-FCE7DC6ECD7F}.Debug|Any CPU.ActiveCfg = Debug|x86
		{C61CB94F-31DF-48BE-8053-FCE7DC6ECD7F}.Debug|Any CPU.Build.0 = Debug|x86
		{C61CB94F-31DF-48BE-8053-FCE7DC6ECD7F}.Debug|Mixed Platforms.ActiveCfg = Debug|x86
		{C61CB94F-31DF-48BE-8053-FCE7DC6ECD7F}.Debug|Mixed Platforms.Build.0 = Debug|x86
		{C61CB94F-31DF-48BE-8053-FCE7DC6ECD7F}.Debug|Win32.ActiveCfg = Debug|Any CPU
		{C61CB94F-31DF-48BE-8053-FCE7DC6ECD7F}.Debug|x86.ActiveCfg = Debug|x86
		{C61CB94F-31DF-48BE-8053-FCE7DC6ECD7F}.Debug|x86.Build.0 = Debug|x86
		{C61CB94F-31DF-48BE-8053-FCE7DC6ECD7F}.Release|Any CPU.ActiveCfg = Release|x86
		{C61CB94F-31DF-48BE-8053-FCE7DC6ECD7F}.Release|Mixed Platforms.ActiveCfg = Release|x86
		{C61CB94F-31DF-48BE-8053-FCE7DC6ECD7F}.Release|Mixed Platforms.Build.0 = Release|x86
		{C61CB94F-31DF-48BE-8053-FCE7DC6ECD7F}.Release|Win32.ActiveCfg = Release|Any CPU
		{C61CB94F-31DF-48BE-8053-FCE7DC6ECD7F}.Release|x86.ActiveCfg = Release|x86
		{5CE8E302-3577-41BC-A35F-C88AC625F7A7}.Debug|Any CPU.ActiveCfg = Debug|x86
		{5CE8E302-3577-41BC-A35F-C88AC625F7A7}.Debug|Any CPU.Build.0 = Debug|x86
		{5CE8E302-3577-41BC-A35F-C88AC625F7A7}.Debug|Mixed Platforms.ActiveCfg = Debug|x86
		{5CE8E302-3577-41BC-A35F-C88AC625F7A7}.Debug|Mixed Platforms.Build.0 = Debug|x86
		{5CE8E302-3577-41BC-A35F-C88AC625F7A7}.Debug|Win32.ActiveCfg = Debug|x86
		{5CE8E302-3577-41BC-A35F-C88AC625F7A7}.Debug|x86.ActiveCfg = Debug|x86
		{5CE8E302-3577-41BC-A35F-C88AC625F7A7}.Debug|x86.Build.0 = Debug|x86
		{5CE8E302-3577-41BC-A35F-C88AC625F7A7}.Release|Any CPU.ActiveCfg = Release|x86
		{5CE8E302-3577-41BC-A35F-C88AC625F7A7}.Release|Any CPU.Build.0 = Release|x86
		{5CE8E302-3577-41BC-A35F-C88AC625F7A7}.Release|Mixed Platforms.ActiveCfg = Release|x86
		{5CE8E302-3577-41BC-A35F-C88AC625F7A7}.Release|Mixed Platforms.Build.0 = Release|x86
		{5CE8E302-3577-41BC-A35F-C88AC625F7A7}.Release|Win32.ActiveCfg = Release|x86
		{5CE8E302-3577-41BC-A35F-C88AC625F7A7}.Release|x86.ActiveCfg = Release|x86
		{9366D54A-B516-4A1D-987B-B1BCE31D2A72}.Debug|Any CPU.ActiveCfg = Debug|x86
		{9366D54A-B516-4A1D-987B-B1BCE31D2A72}.Debug|Any CPU.Build.0 = Debug|x86
		{9366D54A-B516-4A1D-987B-B1BCE31D2A72}.Debug|Mixed Platforms.ActiveCfg = Debug|x86
		{9366D54A-B516-4A1D-987B-B1BCE31D2A72}.Debug|Mixed Platforms.Build.0 = Debug|x86
		{9366D54A-B516-4A1D-987B-B1BCE31D2A72}.Debug|Win32.ActiveCfg = Debug|Any CPU
		{9366D54A-B516-4A1D-987B-B1BCE31D2A72}.Debug|x86.ActiveCfg = Debug|x86
		{9366D54A-B516-4A1D-987B-B1BCE31D2A72}.Debug|x86.Build.0 = Debug|x86
		{9366D54A-B516-4A1D-987B-B1BCE31D2A72}.Release|Any CPU.ActiveCfg = Release|x86
		{9366D54A-B516-4A1D-987B-B1BCE31D2A72}.Release|Mixed Platforms.ActiveCfg = Release|x86
		{9366D54A-B516-4A1D-987B-B1BCE31D2A72}.Release|Mixed Platforms.Build.0 = Release|x86
		{9366D54A-B516-4A1D-987B-B1BCE31D2A72}.Release|Win32.ActiveCfg = Release|Any CPU
		{9366D54A-B516-4A1D-987B-B1BCE31D2A72}.Release|x86.ActiveCfg = Release|x86
		{D942D976-6185-4ECD-A83B-60260100D12E}.Debug|Any CPU.ActiveCfg = Debug|x86
		{D942D976-6185-4ECD-A83B-60260100D12E}.Debug|Any CPU.Build.0 = Debug|x86
		{D942D976-6185-4ECD-A83B-60260100D12E}.Debug|Mixed Platforms.ActiveCfg = Debug|x86
		{D942D976-6185-4ECD-A83B-60260100D12E}.Debug|Mixed Platforms.Build.0 = Debug|x86
		{D942D976-6185-4ECD-A83B-60260100D12E}.Debug|Win32.ActiveCfg = Debug|Any CPU
		{D942D976-6185-4ECD-A83B-60260100D12E}.Debug|x86.ActiveCfg = Debug|x86
		{D942D976-6185-4ECD-A83B-60260100D12E}.Debug|x86.Build.0 = Debug|x86
		{D942D976-6185-4ECD-A83B-60260100D12E}.Release|Any CPU.ActiveCfg = Release|x86
		{D942D976-6185-4ECD-A83B-60260100D12E}.Release|Any CPU.Build.0 = Release|x86
		{D942D976-6185-4ECD-A83B-60260100D12E}.Release|Mixed Platforms.ActiveCfg = Release|x86
		{D942D976-6185-4ECD-A83B-60260100D12E}.Release|Mixed Platforms.Build.0 = Release|x86
		{D942D976-6185-4ECD-A83B-60260100D12E}.Release|Win32.ActiveCfg = Release|Any CPU
		{D942D976-6185-4ECD-A83B-60260100D12E}.Release|x86.ActiveCfg = Release|x86
		{D942D976-6185-4ECD-A83B-60260100D12E}.Release|x86.Build.0 = Release|x86
		{8C4A87A0-780E-4765-ADD0-146091FE26F4}.Debug|Any CPU.ActiveCfg = Debug|x86
		{8C4A87A0-780E-4765-ADD0-146091FE26F4}.Debug|Any CPU.Build.0 = Debug|x86
		{8C4A87A0-780E-4765-ADD0-146091FE26F4}.Debug|Mixed Platforms.ActiveCfg = Debug|x86
		{8C4A87A0-780E-4765-ADD0-146091FE26F4}.Debug|Mixed Platforms.Build.0 = Debug|x86
		{8C4A87A0-780E-4765-ADD0-146091FE26F4}.Debug|Win32.ActiveCfg = Debug|Any CPU
		{8C4A87A0-780E-4765-ADD0-146091FE26F4}.Debug|x86.ActiveCfg = Debug|x86
		{8C4A87A0-780E-4765-ADD0-146091FE26F4}.Debug|x86.Build.0 = Debug|x86
		{8C4A87A0-780E-4765-ADD0-146091FE26F4}.Release|Any CPU.ActiveCfg = Release|x86
		{8C4A87A0-780E-4765-ADD0-146091FE26F4}.Release|Any CPU.Build.0 = Release|x86
		{8C4A87A0-780E-4765-ADD0-146091FE26F4}.Release|Mixed Platforms.ActiveCfg = Release|x86
		{8C4A87A0-780E-4765-ADD0-146091FE26F4}.Release|Mixed Platforms.Build.0 = Release|x86
		{8C4A87A0-780E-4765-ADD0-146091FE26F4}.Release|Win32.ActiveCfg = Release|Any CPU
		{8C4A87A0-780E-4765-ADD0-146091FE26F4}.Release|x86.ActiveCfg = Release|x86
		{8C4A87A0-780E-4765-ADD0-146091FE26F4}.Release|x86.Build.0 = Release|x86
		{E6907BAD-CDF4-4B3C-AF2E-E854D2E2D959}.Debug|Any CPU.ActiveCfg = Debug|x86
		{E6907BAD-CDF4-4B3C-AF2E-E854D2E2D959}.Debug|Any CPU.Build.0 = Debug|x86
		{E6907BAD-CDF4-4B3C-AF2E-E854D2E2D959}.Debug|Mixed Platforms.ActiveCfg = Debug|x86
		{E6907BAD-CDF4-4B3C-AF2E-E854D2E2D959}.Debug|Mixed Platforms.Build.0 = Debug|x86
		{E6907BAD-CDF4-4B3C-AF2E-E854D2E2D959}.Debug|Win32.ActiveCfg = Debug|x86
		{E6907BAD-CDF4-4B3C-AF2E-E854D2E2D959}.Debug|x86.ActiveCfg = Debug|x86
		{E6907BAD-CDF4-4B3C-AF2E-E854D2E2D959}.Debug|x86.Build.0 = Debug|x86
		{E6907BAD-CDF4-4B3C-AF2E-E854D2E2D959}.Release|Any CPU.ActiveCfg = Release|x86
		{E6907BAD-CDF4-4B3C-AF2E-E854D2E2D959}.Release|Mixed Platforms.ActiveCfg = Release|x86
		{E6907BAD-CDF4-4B3C-AF2E-E854D2E2D959}.Release|Mixed Platforms.Build.0 = Release|x86
		{E6907BAD-CDF4-4B3C-AF2E-E854D2E2D959}.Release|Win32.ActiveCfg = Release|x86
		{E6907BAD-CDF4-4B3C-AF2E-E854D2E2D959}.Release|x86.ActiveCfg = Release|x86
	EndGlobalSection
	GlobalSection(SolutionProperties) = preSolution
		HideSolutionNode = FALSE
	EndGlobalSection
	GlobalSection(ExtensibilityGlobals) = postSolution
		CodeStyleEnforcer_RulesLocation = 
		CodeStyleEnforcer_Active = 0
	EndGlobalSection
	GlobalSection(SubversionScc) = preSolution
		Svn-Managed = True
		Manager = AnkhSVN - Subversion Support for Visual Studio
	EndGlobalSection
EndGlobal
